
Microsoft Visual Studio Solution File, Format Version 12.00
# Visual Studio Version 17
VisualStudioVersion = 17.14.36221.1 d17.14
MinimumVisualStudioVersion = 10.0.40219.1
Project("{FAE04EC0-301F-11D3-BF4B-00C04F79EFBC}") = "Domain", "Domain\Domain.csproj", "{F6BE7C84-FCD3-4DA3-8DE9-3B354B9485C7}"
EndProject
Project("{FAE04EC0-301F-11D3-BF4B-00C04F79EFBC}") = "Infrastructure", "Infrastructure\Infrastructure.csproj", "{558529FB-AB4C-4988-9174-AE5E96F5246B}"
EndProject
Project("{FAE04EC0-301F-11D3-BF4B-00C04F79EFBC}") = "Application", "Application\Application.csproj", "{90024E70-27CB-43CA-B99E-C07F2684A4B1}"
EndProject
Project("{FAE04EC0-301F-11D3-BF4B-00C04F79EFBC}") = "Presentation", "Presentation\Presentation.csproj", "{B7A006F9-1501-4778-B4B7-27A576B8528A}"
EndProject
Project("{FAE04EC0-301F-11D3-BF4B-00C04F79EFBC}") = "WebApi", "WebApi\WebApi.csproj", "{7BC3FEA3-AE53-4F2C-A353-D14CCE0EA6E2}"
EndProject
Global
	GlobalSection(SolutionConfigurationPlatforms) = preSolution
		Debug|Any CPU = Debug|Any CPU
		Release|Any CPU = Release|Any CPU
	EndGlobalSection
	GlobalSection(ProjectConfigurationPlatforms) = postSolution
		{F6BE7C84-FCD3-4DA3-8DE9-3B354B9485C7}.Debug|Any CPU.ActiveCfg = Debug|Any CPU
		{F6BE7C84-FCD3-4DA3-8DE9-3B354B9485C7}.Debug|Any CPU.Build.0 = Debug|Any CPU
		{F6BE7C84-FCD3-4DA3-8DE9-3B354B9485C7}.Release|Any CPU.ActiveCfg = Release|Any CPU
		{F6BE7C84-FCD3-4DA3-8DE9-3B354B9485C7}.Release|Any CPU.Build.0 = Release|Any CPU
		{558529FB-AB4C-4988-9174-AE5E96F5246B}.Debug|Any CPU.ActiveCfg = Debug|Any CPU
		{558529FB-AB4C-4988-9174-AE5E96F5246B}.Debug|Any CPU.Build.0 = Debug|Any CPU
		{558529FB-AB4C-4988-9174-AE5E96F5246B}.Release|Any CPU.ActiveCfg = Release|Any CPU
		{558529FB-AB4C-4988-9174-AE5E96F5246B}.Release|Any CPU.Build.0 = Release|Any CPU
		{90024E70-27CB-43CA-B99E-C07F2684A4B1}.Debug|Any CPU.ActiveCfg = Debug|Any CPU
		{90024E70-27CB-43CA-B99E-C07F2684A4B1}.Debug|Any CPU.Build.0 = Debug|Any CPU
		{90024E70-27CB-43CA-B99E-C07F2684A4B1}.Release|Any CPU.ActiveCfg = Release|Any CPU
		{90024E70-27CB-43CA-B99E-C07F2684A4B1}.Release|Any CPU.Build.0 = Release|Any CPU
		{B7A006F9-1501-4778-B4B7-27A576B8528A}.Debug|Any CPU.ActiveCfg = Debug|Any CPU
		{B7A006F9-1501-4778-B4B7-27A576B8528A}.Debug|Any CPU.Build.0 = Debug|Any CPU
		{B7A006F9-1501-4778-B4B7-27A576B8528A}.Release|Any CPU.ActiveCfg = Release|Any CPU
		{B7A006F9-1501-4778-B4B7-27A576B8528A}.Release|Any CPU.Build.0 = Release|Any CPU
		{7BC3FEA3-AE53-4F2C-A353-D14CCE0EA6E2}.Debug|Any CPU.ActiveCfg = Debug|Any CPU
		{7BC3FEA3-AE53-4F2C-A353-D14CCE0EA6E2}.Debug|Any CPU.Build.0 = Debug|Any CPU
		{7BC3FEA3-AE53-4F2C-A353-D14CCE0EA6E2}.Release|Any CPU.ActiveCfg = Release|Any CPU
		{7BC3FEA3-AE53-4F2C-A353-D14CCE0EA6E2}.Release|Any CPU.Build.0 = Release|Any CPU
	EndGlobalSection
	GlobalSection(SolutionProperties) = preSolution
		HideSolutionNode = FALSE
	EndGlobalSection
	GlobalSection(ExtensibilityGlobals) = postSolution
		SolutionGuid = {6E72E672-AFE4-4122-ADB9-7A45DD608860}
	EndGlobalSection
EndGlobal
